{
  "name": "isomorphic",
  "version": "2.5.0",
  "lockfileVersion": 1,
  "requires": true,
  "dependencies": {
    "core-js": {
      "version": "2.5.3",
      "resolved": "https://registry.npmjs.org/core-js/-/core-js-2.5.3.tgz",
      "integrity": "sha1-isw4NFgk8W2DZbfJtCWRaOjtYD4="
    },
    "lodash-es": {
      "version": "4.17.5",
      "resolved": "https://registry.npmjs.org/lodash-es/-/lodash-es-4.17.5.tgz",
      "integrity": "sha512-Ez3ONp3TK9gX1HYKp6IhetcVybD+2F+Yp6GS9dfH8ue6EOCEzQtQEh4K0FYWBP9qLv+lzeQAYXw+3ySfxyZqkw=="
    },
    "react-smooth-scrollbar": {
      "version": "8.0.6",
      "resolved": "https://registry.npmjs.org/react-smooth-scrollbar/-/react-smooth-scrollbar-8.0.6.tgz",
      "integrity": "sha512-yWiIC4L8DwfIRkLL+PdXq5rysEm6trxHzRk1Rx82bzuu2aWDcHhT+l1vXH/73Re/zHmGjBgrxts/wIrwC6yYJA=="
    },
    "smooth-scrollbar": {
      "version": "8.2.5",
      "resolved": "https://registry.npmjs.org/smooth-scrollbar/-/smooth-scrollbar-8.2.5.tgz",
      "integrity": "sha512-tntMyidjTS1h05TeUO5bW8gppM2ZKj2eyvtjPPw1sU76resXl0BKHtGrH5S7Yi2YVmGY77tR9Q/D2VI4+C/xGw==",
      "requires": {
        "core-js": "2.5.3",
        "lodash-es": "4.17.5",
        "tslib": "1.9.0"
      }
    },
    "tslib": {
      "version": "1.9.0",
      "resolved": "https://registry.npmjs.org/tslib/-/tslib-1.9.0.tgz",
      "integrity": "sha512-f/qGG2tUkrISBlQZEjEqoZ3B2+npJjIf04H1wuAv9iA8i04Icp+61KRXxFdha22670NJopsZCIjhC3SnjPRKrQ=="
    }
  }
}
